{
  "version": 4,
  "terraform_version": "1.3.7",
  "serial": 12,
  "lineage": "5b8c6966-4a39-37fc-48e1-3ca37d367096",
  "outputs": {},
  "resources": [
    {
      "mode": "managed",
      "type": "azurerm_linux_virtual_machine",
      "name": "res-0",
      "provider": "provider[\"registry.terraform.io/hashicorp/azurerm\"]",
      "instances": [
        {
          "schema_version": 0,
          "attributes": {
            "additional_capabilities": [],
            "admin_password": null,
            "admin_ssh_key": [
              {
                "public_key": "ssh-rsa AAAAB3NzaC1yc2EAAAADAQABAAABgQDoDdeY6SophozoXBLxRiP36LkRkFUkPjrqPtaeyX2goWzrkbp2IldEiHa86XkS0ljopNM6SQQbqubudgu0G0y2NLm74qFIAxJII/VKbm86gSVTlF2PpI1F+QEakkmE4HCbCKPy6rRZkMAGfH6wnmRwV2E3/WIhfeZA41uwalP7sDk/1t/6qawcW0WzksMmz+Iu9kOmonVcfqZwrEaHMT5Hgcq1n8u5l0vozHo9v5QmocQAkQQANlApx1KbNdSQzoVSgXFHuDkWOMe4/SWGOnlYnuAkZ9zGjHC6aZcPkksfnC0GPeOpBWbodh7ifuM07RGnVHXQ6ZI2d54q2fME69rbi39wa1oztTjKgmrrHejQi+q6SAgUmhjob/tkKxpy3UJ2xrPMNIWb3tIy2MR/D4QY+sKnydxN57v9GGgwsFcs1od87fC7+O/3FaecCJ9oa1m5sg9c0xkUDQinLERLbEDl088Od3rYSC9QYA6KQzHV70L5E4EVlWT61brmyer5WGE= baba@mac",
                "username": "fatcat"
              }
            ],
            "admin_username": "fatcat",
            "allow_extension_operations": true,
            "availability_set_id": "",
            "boot_diagnostics": [],
            "capacity_reservation_group_id": "",
            "computer_name": "azcloudvm",
            "custom_data": null,
            "dedicated_host_group_id": "",
            "dedicated_host_id": "",
            "disable_password_authentication": true,
            "edge_zone": "",
            "encryption_at_host_enabled": false,
            "eviction_policy": "",
            "extensions_time_budget": "PT1H30M",
            "gallery_application": [],
            "id": "/subscriptions/1da0835b-e77f-431e-a40f-5c626e6d833c/resourceGroups/AZCLOUDVM/providers/Microsoft.Compute/virtualMachines/azcloudvm",
            "identity": [
              {
                "identity_ids": [],
                "principal_id": "8f11d79f-e585-4a10-8d99-2fae880a58a2",
                "tenant_id": "e2167941-7ce0-4f2a-bcec-a7a3fa46f49d",
                "type": "SystemAssigned"
              }
            ],
            "license_type": "",
            "location": "uksouth",
            "max_bid_price": -1,
            "name": "azcloudvm",
            "network_interface_ids": [
              "/subscriptions/1da0835b-e77f-431e-a40f-5c626e6d833c/resourceGroups/azcloudvm/providers/Microsoft.Network/networkInterfaces/azcloudvm213_z1"
            ],
            "os_disk": [
              {
                "caching": "ReadWrite",
                "diff_disk_settings": [],
                "disk_encryption_set_id": "",
                "disk_size_gb": 30,
                "name": "azcloudvm_OsDisk_1_577e3e13c1364f9ab0f8bd67e7ec9829",
                "secure_vm_disk_encryption_set_id": "",
                "security_encryption_type": "",
                "storage_account_type": "StandardSSD_LRS",
                "write_accelerator_enabled": false
              }
            ],
            "patch_assessment_mode": "ImageDefault",
            "patch_mode": "ImageDefault",
            "plan": [],
            "platform_fault_domain": -1,
            "priority": "Regular",
            "private_ip_address": "10.0.0.4",
            "private_ip_addresses": [
              "10.0.0.4"
            ],
            "provision_vm_agent": true,
            "proximity_placement_group_id": "",
            "public_ip_address": "20.77.67.113",
            "public_ip_addresses": [
              "20.77.67.113"
            ],
            "resource_group_name": "AZCLOUDVM",
            "secret": [],
            "secure_boot_enabled": false,
            "size": "Standard_B2ms",
            "source_image_id": "",
            "source_image_reference": [
              {
                "offer": "0001-com-ubuntu-server-jammy",
                "publisher": "canonical",
                "sku": "22_04-lts-gen2",
                "version": "latest"
              }
            ],
            "tags": {},
            "termination_notification": [],
            "timeouts": {
              "create": null,
              "delete": null,
              "read": null,
              "update": null
            },
            "user_data": "",
            "virtual_machine_id": "c06a9bbe-46ae-4320-be7c-7395d6aa3df0",
            "virtual_machine_scale_set_id": "",
            "vtpm_enabled": false,
            "zone": "1"
          },
          "sensitive_attributes": [],
          "private": "eyJlMmJmYjczMC1lY2FhLTExZTYtOGY4OC0zNDM2M2JjN2M0YzAiOnsiY3JlYXRlIjoyNzAwMDAwMDAwMDAwLCJkZWxldGUiOjI3MDAwMDAwMDAwMDAsInJlYWQiOjMwMDAwMDAwMDAwMCwidXBkYXRlIjoyNzAwMDAwMDAwMDAwfSwic2NoZW1hX3ZlcnNpb24iOiIwIn0="
        }
      ]
    },
    {
      "mode": "managed",
      "type": "azurerm_network_interface",
      "name": "res-3",
      "provider": "provider[\"registry.terraform.io/hashicorp/azurerm\"]",
      "instances": [
        {
          "schema_version": 0,
          "attributes": {
            "applied_dns_servers": [],
            "dns_servers": [],
            "edge_zone": "",
            "enable_accelerated_networking": false,
            "enable_ip_forwarding": false,
            "id": "/subscriptions/1da0835b-e77f-431e-a40f-5c626e6d833c/resourceGroups/azcloudvm/providers/Microsoft.Network/networkInterfaces/azcloudvm213_z1",
            "internal_dns_name_label": "",
            "internal_domain_name_suffix": "deywg0t1b04ufgssh5dmaqanbh.zx.internal.cloudapp.net",
            "ip_configuration": [
              {
                "gateway_load_balancer_frontend_ip_configuration_id": "",
                "name": "ipconfig1",
                "primary": true,
                "private_ip_address": "10.0.0.4",
                "private_ip_address_allocation": "Dynamic",
                "private_ip_address_version": "IPv4",
                "public_ip_address_id": "/subscriptions/1da0835b-e77f-431e-a40f-5c626e6d833c/resourceGroups/azcloudvm/providers/Microsoft.Network/publicIPAddresses/azcloudvm-ip",
                "subnet_id": "/subscriptions/1da0835b-e77f-431e-a40f-5c626e6d833c/resourceGroups/azcloudvm/providers/Microsoft.Network/virtualNetworks/azcloudvm-vnet/subnets/default"
              }
            ],
            "location": "uksouth",
            "mac_address": "60-45-BD-D2-28-28",
            "name": "azcloudvm213_z1",
            "private_ip_address": "10.0.0.4",
            "private_ip_addresses": [
              "10.0.0.4"
            ],
            "resource_group_name": "azcloudvm",
            "tags": {},
            "timeouts": {
              "create": null,
              "delete": null,
              "read": null,
              "update": null
            },
            "virtual_machine_id": "/subscriptions/1da0835b-e77f-431e-a40f-5c626e6d833c/resourceGroups/azcloudvm/providers/Microsoft.Compute/virtualMachines/azcloudvm"
          },
          "sensitive_attributes": [],
          "private": "eyJlMmJmYjczMC1lY2FhLTExZTYtOGY4OC0zNDM2M2JjN2M0YzAiOnsiY3JlYXRlIjoxODAwMDAwMDAwMDAwLCJkZWxldGUiOjE4MDAwMDAwMDAwMDAsInJlYWQiOjMwMDAwMDAwMDAwMCwidXBkYXRlIjoxODAwMDAwMDAwMDAwfSwic2NoZW1hX3ZlcnNpb24iOiIwIn0="
        }
      ]
    },
    {
      "mode": "managed",
      "type": "azurerm_network_interface_security_group_association",
      "name": "res-4",
      "provider": "provider[\"registry.terraform.io/hashicorp/azurerm\"]",
      "instances": [
        {
          "schema_version": 0,
          "attributes": {
            "id": "/subscriptions/1da0835b-e77f-431e-a40f-5c626e6d833c/resourceGroups/azcloudvm/providers/Microsoft.Network/networkInterfaces/azcloudvm213_z1|/subscriptions/1da0835b-e77f-431e-a40f-5c626e6d833c/resourceGroups/azcloudvm/providers/Microsoft.Network/networkSecurityGroups/azcloudvm-nsg",
            "network_interface_id": "/subscriptions/1da0835b-e77f-431e-a40f-5c626e6d833c/resourceGroups/azcloudvm/providers/Microsoft.Network/networkInterfaces/azcloudvm213_z1",
            "network_security_group_id": "/subscriptions/1da0835b-e77f-431e-a40f-5c626e6d833c/resourceGroups/azcloudvm/providers/Microsoft.Network/networkSecurityGroups/azcloudvm-nsg",
            "timeouts": {
              "create": null,
              "delete": null,
              "read": null,
              "update": null
            }
          },
          "sensitive_attributes": [],
          "private": "eyJlMmJmYjczMC1lY2FhLTExZTYtOGY4OC0zNDM2M2JjN2M0YzAiOnsiY3JlYXRlIjoxODAwMDAwMDAwMDAwLCJkZWxldGUiOjE4MDAwMDAwMDAwMDAsInJlYWQiOjMwMDAwMDAwMDAwMCwidXBkYXRlIjoxODAwMDAwMDAwMDAwfSwic2NoZW1hX3ZlcnNpb24iOiIwIn0="
        }
      ]
    },
    {
      "mode": "managed",
      "type": "azurerm_network_security_group",
      "name": "res-5",
      "provider": "provider[\"registry.terraform.io/hashicorp/azurerm\"]",
      "instances": [
        {
          "schema_version": 0,
          "attributes": {
            "id": "/subscriptions/1da0835b-e77f-431e-a40f-5c626e6d833c/resourceGroups/azcloudvm/providers/Microsoft.Network/networkSecurityGroups/azcloudvm-nsg",
            "location": "uksouth",
            "name": "azcloudvm-nsg",
            "resource_group_name": "azcloudvm",
            "security_rule": [
              {
                "access": "Allow",
                "description": "",
                "destination_address_prefix": "*",
                "destination_address_prefixes": [],
                "destination_application_security_group_ids": [],
                "destination_port_range": "22",
                "destination_port_ranges": [],
                "direction": "Inbound",
                "name": "default-allow-ssh",
                "priority": 1000,
                "protocol": "Tcp",
                "source_address_prefix": "2.222.85.179",
                "source_address_prefixes": [],
                "source_application_security_group_ids": [],
                "source_port_range": "*",
                "source_port_ranges": []
              },
              {
                "access": "Allow",
                "description": "",
                "destination_address_prefix": "*",
                "destination_address_prefixes": [],
                "destination_application_security_group_ids": [],
                "destination_port_range": "443",
                "destination_port_ranges": [],
                "direction": "Inbound",
                "name": "AllowMyIpAddressHTTPSInbound",
                "priority": 1020,
                "protocol": "Tcp",
                "source_address_prefix": "*",
                "source_address_prefixes": [],
                "source_application_security_group_ids": [],
                "source_port_range": "*",
                "source_port_ranges": []
              },
              {
                "access": "Allow",
                "description": "",
                "destination_address_prefix": "*",
                "destination_address_prefixes": [],
                "destination_application_security_group_ids": [],
                "destination_port_range": "80",
                "destination_port_ranges": [],
                "direction": "Inbound",
                "name": "AllowMyIpAddressHTTPInbound",
                "priority": 1010,
                "protocol": "Tcp",
                "source_address_prefix": "*",
                "source_address_prefixes": [],
                "source_application_security_group_ids": [],
                "source_port_range": "*",
                "source_port_ranges": []
              }
            ],
            "tags": {},
            "timeouts": {
              "create": null,
              "delete": null,
              "read": null,
              "update": null
            }
          },
          "sensitive_attributes": [],
          "private": "eyJlMmJmYjczMC1lY2FhLTExZTYtOGY4OC0zNDM2M2JjN2M0YzAiOnsiY3JlYXRlIjoxODAwMDAwMDAwMDAwLCJkZWxldGUiOjE4MDAwMDAwMDAwMDAsInJlYWQiOjMwMDAwMDAwMDAwMCwidXBkYXRlIjoxODAwMDAwMDAwMDAwfSwic2NoZW1hX3ZlcnNpb24iOiIwIn0="
        }
      ]
    },
    {
      "mode": "managed",
      "type": "azurerm_network_security_rule",
      "name": "res-6",
      "provider": "provider[\"registry.terraform.io/hashicorp/azurerm\"]",
      "instances": [
        {
          "schema_version": 0,
          "attributes": {
            "access": "Allow",
            "description": "",
            "destination_address_prefix": "*",
            "destination_address_prefixes": [],
            "destination_application_security_group_ids": [],
            "destination_port_range": "80",
            "destination_port_ranges": [],
            "direction": "Inbound",
            "id": "/subscriptions/1da0835b-e77f-431e-a40f-5c626e6d833c/resourceGroups/azcloudvm/providers/Microsoft.Network/networkSecurityGroups/azcloudvm-nsg/securityRules/AllowMyIpAddressHTTPInbound",
            "name": "AllowMyIpAddressHTTPInbound",
            "network_security_group_name": "azcloudvm-nsg",
            "priority": 1010,
            "protocol": "Tcp",
            "resource_group_name": "azcloudvm",
            "source_address_prefix": "*",
            "source_address_prefixes": [],
            "source_application_security_group_ids": [],
            "source_port_range": "*",
            "source_port_ranges": [],
            "timeouts": {
              "create": null,
              "delete": null,
              "read": null,
              "update": null
            }
          },
          "sensitive_attributes": [],
          "private": "eyJlMmJmYjczMC1lY2FhLTExZTYtOGY4OC0zNDM2M2JjN2M0YzAiOnsiY3JlYXRlIjoxODAwMDAwMDAwMDAwLCJkZWxldGUiOjE4MDAwMDAwMDAwMDAsInJlYWQiOjMwMDAwMDAwMDAwMCwidXBkYXRlIjoxODAwMDAwMDAwMDAwfSwic2NoZW1hX3ZlcnNpb24iOiIwIn0="
        }
      ]
    },
    {
      "mode": "managed",
      "type": "azurerm_network_security_rule",
      "name": "res-7",
      "provider": "provider[\"registry.terraform.io/hashicorp/azurerm\"]",
      "instances": [
        {
          "schema_version": 0,
          "attributes": {
            "access": "Allow",
            "description": "",
            "destination_address_prefix": "*",
            "destination_address_prefixes": [],
            "destination_application_security_group_ids": [],
            "destination_port_range": "443",
            "destination_port_ranges": [],
            "direction": "Inbound",
            "id": "/subscriptions/1da0835b-e77f-431e-a40f-5c626e6d833c/resourceGroups/azcloudvm/providers/Microsoft.Network/networkSecurityGroups/azcloudvm-nsg/securityRules/AllowMyIpAddressHTTPSInbound",
            "name": "AllowMyIpAddressHTTPSInbound",
            "network_security_group_name": "azcloudvm-nsg",
            "priority": 1020,
            "protocol": "Tcp",
            "resource_group_name": "azcloudvm",
            "source_address_prefix": "*",
            "source_address_prefixes": [],
            "source_application_security_group_ids": [],
            "source_port_range": "*",
            "source_port_ranges": [],
            "timeouts": {
              "create": null,
              "delete": null,
              "read": null,
              "update": null
            }
          },
          "sensitive_attributes": [],
          "private": "eyJlMmJmYjczMC1lY2FhLTExZTYtOGY4OC0zNDM2M2JjN2M0YzAiOnsiY3JlYXRlIjoxODAwMDAwMDAwMDAwLCJkZWxldGUiOjE4MDAwMDAwMDAwMDAsInJlYWQiOjMwMDAwMDAwMDAwMCwidXBkYXRlIjoxODAwMDAwMDAwMDAwfSwic2NoZW1hX3ZlcnNpb24iOiIwIn0="
        }
      ]
    },
    {
      "mode": "managed",
      "type": "azurerm_network_security_rule",
      "name": "res-8",
      "provider": "provider[\"registry.terraform.io/hashicorp/azurerm\"]",
      "instances": [
        {
          "schema_version": 0,
          "attributes": {
            "access": "Allow",
            "description": "",
            "destination_address_prefix": "*",
            "destination_address_prefixes": [],
            "destination_application_security_group_ids": [],
            "destination_port_range": "22",
            "destination_port_ranges": [],
            "direction": "Inbound",
            "id": "/subscriptions/1da0835b-e77f-431e-a40f-5c626e6d833c/resourceGroups/azcloudvm/providers/Microsoft.Network/networkSecurityGroups/azcloudvm-nsg/securityRules/default-allow-ssh",
            "name": "default-allow-ssh",
            "network_security_group_name": "azcloudvm-nsg",
            "priority": 1000,
            "protocol": "Tcp",
            "resource_group_name": "azcloudvm",
            "source_address_prefix": "2.222.85.179",
            "source_address_prefixes": [],
            "source_application_security_group_ids": [],
            "source_port_range": "*",
            "source_port_ranges": [],
            "timeouts": {
              "create": null,
              "delete": null,
              "read": null,
              "update": null
            }
          },
          "sensitive_attributes": [],
          "private": "eyJlMmJmYjczMC1lY2FhLTExZTYtOGY4OC0zNDM2M2JjN2M0YzAiOnsiY3JlYXRlIjoxODAwMDAwMDAwMDAwLCJkZWxldGUiOjE4MDAwMDAwMDAwMDAsInJlYWQiOjMwMDAwMDAwMDAwMCwidXBkYXRlIjoxODAwMDAwMDAwMDAwfSwic2NoZW1hX3ZlcnNpb24iOiIwIn0="
        }
      ]
    },
    {
      "mode": "managed",
      "type": "azurerm_public_ip",
      "name": "res-9",
      "provider": "provider[\"registry.terraform.io/hashicorp/azurerm\"]",
      "instances": [
        {
          "schema_version": 0,
          "attributes": {
            "allocation_method": "Static",
            "ddos_protection_mode": null,
            "ddos_protection_plan_id": null,
            "domain_name_label": null,
            "edge_zone": "",
            "fqdn": null,
            "id": "/subscriptions/1da0835b-e77f-431e-a40f-5c626e6d833c/resourceGroups/azcloudvm/providers/Microsoft.Network/publicIPAddresses/azcloudvm-ip",
            "idle_timeout_in_minutes": 4,
            "ip_address": "20.77.67.113",
            "ip_tags": {},
            "ip_version": "IPv4",
            "location": "uksouth",
            "name": "azcloudvm-ip",
            "public_ip_prefix_id": null,
            "resource_group_name": "azcloudvm",
            "reverse_fqdn": null,
            "sku": "Standard",
            "sku_tier": "Regional",
            "tags": {},
            "timeouts": {
              "create": null,
              "delete": null,
              "read": null,
              "update": null
            },
            "zones": [
              "1"
            ]
          },
          "sensitive_attributes": [],
          "private": "eyJlMmJmYjczMC1lY2FhLTExZTYtOGY4OC0zNDM2M2JjN2M0YzAiOnsiY3JlYXRlIjoxODAwMDAwMDAwMDAwLCJkZWxldGUiOjE4MDAwMDAwMDAwMDAsInJlYWQiOjMwMDAwMDAwMDAwMCwidXBkYXRlIjoxODAwMDAwMDAwMDAwfSwic2NoZW1hX3ZlcnNpb24iOiIwIn0="
        }
      ]
    },
    {
      "mode": "managed",
      "type": "azurerm_resource_group",
      "name": "res-1",
      "provider": "provider[\"registry.terraform.io/hashicorp/azurerm\"]",
      "instances": [
        {
          "schema_version": 0,
          "attributes": {
            "id": "/subscriptions/1da0835b-e77f-431e-a40f-5c626e6d833c/resourceGroups/azcloudvm",
            "location": "uksouth",
            "name": "azcloudvm",
            "tags": {},
            "timeouts": {
              "create": null,
              "delete": null,
              "read": null,
              "update": null
            }
          },
          "sensitive_attributes": [],
          "private": "eyJlMmJmYjczMC1lY2FhLTExZTYtOGY4OC0zNDM2M2JjN2M0YzAiOnsiY3JlYXRlIjo1NDAwMDAwMDAwMDAwLCJkZWxldGUiOjU0MDAwMDAwMDAwMDAsInJlYWQiOjMwMDAwMDAwMDAwMCwidXBkYXRlIjo1NDAwMDAwMDAwMDAwfSwic2NoZW1hX3ZlcnNpb24iOiIwIn0="
        }
      ]
    },
    {
      "mode": "managed",
      "type": "azurerm_subnet",
      "name": "res-11",
      "provider": "provider[\"registry.terraform.io/hashicorp/azurerm\"]",
      "instances": [
        {
          "schema_version": 0,
          "attributes": {
            "address_prefixes": [
              "10.0.0.0/24"
            ],
            "delegation": [],
            "enforce_private_link_endpoint_network_policies": true,
            "enforce_private_link_service_network_policies": false,
            "id": "/subscriptions/1da0835b-e77f-431e-a40f-5c626e6d833c/resourceGroups/azcloudvm/providers/Microsoft.Network/virtualNetworks/azcloudvm-vnet/subnets/default",
            "name": "default",
            "private_endpoint_network_policies_enabled": false,
            "private_link_service_network_policies_enabled": true,
            "resource_group_name": "azcloudvm",
            "service_endpoint_policy_ids": [],
            "service_endpoints": [],
            "timeouts": {
              "create": null,
              "delete": null,
              "read": null,
              "update": null
            },
            "virtual_network_name": "azcloudvm-vnet"
          },
          "sensitive_attributes": [],
          "private": "eyJlMmJmYjczMC1lY2FhLTExZTYtOGY4OC0zNDM2M2JjN2M0YzAiOnsiY3JlYXRlIjoxODAwMDAwMDAwMDAwLCJkZWxldGUiOjE4MDAwMDAwMDAwMDAsInJlYWQiOjMwMDAwMDAwMDAwMCwidXBkYXRlIjoxODAwMDAwMDAwMDAwfSwic2NoZW1hX3ZlcnNpb24iOiIwIn0="
        }
      ]
    },
    {
      "mode": "managed",
      "type": "azurerm_virtual_machine_extension",
      "name": "res-2",
      "provider": "provider[\"registry.terraform.io/hashicorp/azurerm\"]",
      "instances": [
        {
          "schema_version": 0,
          "attributes": {
            "auto_upgrade_minor_version": true,
            "automatic_upgrade_enabled": false,
            "failure_suppression_enabled": false,
            "id": "/subscriptions/1da0835b-e77f-431e-a40f-5c626e6d833c/resourceGroups/azcloudvm/providers/Microsoft.Compute/virtualMachines/azcloudvm/extensions/AADSSHLoginForLinux",
            "name": "AADSSHLoginForLinux",
            "protected_settings": null,
            "protected_settings_from_key_vault": [],
            "publisher": "Microsoft.Azure.ActiveDirectory",
            "settings": null,
            "tags": {},
            "timeouts": {
              "create": null,
              "delete": null,
              "read": null,
              "update": null
            },
            "type": "AADSSHLoginForLinux",
            "type_handler_version": "1.0",
            "virtual_machine_id": "/subscriptions/1da0835b-e77f-431e-a40f-5c626e6d833c/resourceGroups/azcloudvm/providers/Microsoft.Compute/virtualMachines/azcloudvm"
          },
          "sensitive_attributes": [],
          "private": "eyJlMmJmYjczMC1lY2FhLTExZTYtOGY4OC0zNDM2M2JjN2M0YzAiOnsiY3JlYXRlIjoxODAwMDAwMDAwMDAwLCJkZWxldGUiOjE4MDAwMDAwMDAwMDAsInJlYWQiOjMwMDAwMDAwMDAwMCwidXBkYXRlIjoxODAwMDAwMDAwMDAwfSwic2NoZW1hX3ZlcnNpb24iOiIwIn0="
        }
      ]
    },
    {
      "mode": "managed",
      "type": "azurerm_virtual_network",
      "name": "res-10",
      "provider": "provider[\"registry.terraform.io/hashicorp/azurerm\"]",
      "instances": [
        {
          "schema_version": 0,
          "attributes": {
            "address_space": [
              "10.0.0.0/16"
            ],
            "bgp_community": "",
            "ddos_protection_plan": [],
            "dns_servers": [],
            "edge_zone": "",
            "flow_timeout_in_minutes": 0,
            "guid": "6a633119-0e7b-42bd-9a52-3fc6c0400d0f",
            "id": "/subscriptions/1da0835b-e77f-431e-a40f-5c626e6d833c/resourceGroups/azcloudvm/providers/Microsoft.Network/virtualNetworks/azcloudvm-vnet",
            "location": "uksouth",
            "name": "azcloudvm-vnet",
            "resource_group_name": "azcloudvm",
            "subnet": [
              {
                "address_prefix": "10.0.0.0/24",
                "id": "/subscriptions/1da0835b-e77f-431e-a40f-5c626e6d833c/resourceGroups/azcloudvm/providers/Microsoft.Network/virtualNetworks/azcloudvm-vnet/subnets/default",
                "name": "default",
                "security_group": ""
              }
            ],
            "tags": {},
            "timeouts": {
              "create": null,
              "delete": null,
              "read": null,
              "update": null
            }
          },
          "sensitive_attributes": [],
          "private": "eyJlMmJmYjczMC1lY2FhLTExZTYtOGY4OC0zNDM2M2JjN2M0YzAiOnsiY3JlYXRlIjoxODAwMDAwMDAwMDAwLCJkZWxldGUiOjE4MDAwMDAwMDAwMDAsInJlYWQiOjMwMDAwMDAwMDAwMCwidXBkYXRlIjoxODAwMDAwMDAwMDAwfSwic2NoZW1hX3ZlcnNpb24iOiIwIn0="
        }
      ]
    }
  ],
  "check_results": null
}
